
Microsoft Visual Studio Solution File, Format Version 12.00
# Visual Studio Version 16
VisualStudioVersion = 16.0.29209.62
MinimumVisualStudioVersion = 10.0.40219.1
Project("{FAE04EC0-301F-11D3-BF4B-00C04F79EFBC}") = "MealManagement", "MealManagement\MealManagement.csproj", "{A409AE2D-3DA2-4235-9D47-88582C423570}"
EndProject
Global
	GlobalSection(SolutionConfigurationPlatforms) = preSolution
		Debug|Any CPU = Debug|Any CPU
		Release|Any CPU = Release|Any CPU
	EndGlobalSection
	GlobalSection(ProjectConfigurationPlatforms) = postSolution
		{A409AE2D-3DA2-4235-9D47-88582C423570}.Debug|Any CPU.ActiveCfg = Debug|Any CPU
		{A409AE2D-3DA2-4235-9D47-88582C423570}.Debug|Any CPU.Build.0 = Debug|Any CPU
		{A409AE2D-3DA2-4235-9D47-88582C423570}.Release|Any CPU.ActiveCfg = Release|Any CPU
		{A409AE2D-3DA2-4235-9D47-88582C423570}.Release|Any CPU.Build.0 = Release|Any CPU
	EndGlobalSection
	GlobalSection(SolutionProperties) = preSolution
		HideSolutionNode = FALSE
	EndGlobalSection
	GlobalSection(ExtensibilityGlobals) = postSolution
		SolutionGuid = {7F7032A6-5DF2-4FDF-8198-DE2ECF5A70BB}
	EndGlobalSection
EndGlobal
